
Microsoft Visual Studio Solution File, Format Version 12.00
# Visual Studio Version 17
VisualStudioVersion = 17.5.33516.290
MinimumVisualStudioVersion = 10.0.40219.1
Project("{8BC9CEB8-8B4A-11D0-8D11-00A0C91BC942}") = "ConsoleApplication8", "ConsoleApplication8\ConsoleApplication8.vcxproj", "{56869B50-96BE-4EF3-8FC5-AD5465A6AD8F}"
EndProject
Global
	GlobalSection(SolutionConfigurationPlatforms) = preSolution
		Debug|x64 = Debug|x64
		Debug|x86 = Debug|x86
		Release|x64 = Release|x64
		Release|x86 = Release|x86
	EndGlobalSection
	GlobalSection(ProjectConfigurationPlatforms) = postSolution
		{56869B50-96BE-4EF3-8FC5-AD5465A6AD8F}.Debug|x64.ActiveCfg = Debug|x64
		{56869B50-96BE-4EF3-8FC5-AD5465A6AD8F}.Debug|x64.Build.0 = Debug|x64
		{56869B50-96BE-4EF3-8FC5-AD5465A6AD8F}.Debug|x86.ActiveCfg = Debug|Win32
		{56869B50-96BE-4EF3-8FC5-AD5465A6AD8F}.Debug|x86.Build.0 = Debug|Win32
		{56869B50-96BE-4EF3-8FC5-AD5465A6AD8F}.Release|x64.ActiveCfg = Release|x64
		{56869B50-96BE-4EF3-8FC5-AD5465A6AD8F}.Release|x64.Build.0 = Release|x64
		{56869B50-96BE-4EF3-8FC5-AD5465A6AD8F}.Release|x86.ActiveCfg = Release|Win32
		{56869B50-96BE-4EF3-8FC5-AD5465A6AD8F}.Release|x86.Build.0 = Release|Win32
	EndGlobalSection
	GlobalSection(SolutionProperties) = preSolution
		HideSolutionNode = FALSE
	EndGlobalSection
	GlobalSection(ExtensibilityGlobals) = postSolution
		SolutionGuid = {6C1BDF0C-1D74-4B1E-96D7-DE255C86B560}
	EndGlobalSection
EndGlobal
